// !$*UTF8*$!
{
	archiveVersion = 1;
	classes = {
	};
	objectVersion = 46;
	objects = {

/* Begin PBXBuildFile section */
		161C80571BCA9EDD003B78EC /* main.m in Sources */ = {isa = PBXBuildFile; fileRef = 161C80561BCA9EDD003B78EC /* main.m */; };
		161C805A1BCA9EDD003B78EC /* AppDelegate.m in Sources */ = {isa = PBXBuildFile; fileRef = 161C80591BCA9EDD003B78EC /* AppDelegate.m */; };
		161C80651BCA9EDD003B78EC /* Assets.xcassets in Resources */ = {isa = PBXBuildFile; fileRef = 161C80641BCA9EDD003B78EC /* Assets.xcassets */; };
		1628B35C1BDA2B5900488FA4 /* Localizable.strings in Resources */ = {isa = PBXBuildFile; fileRef = 1628B35B1BDA2B5900488FA4 /* Localizable.strings */; };
		1628B3621BDA6D3200488FA4 /* placeholder.png in Resources */ = {isa = PBXBuildFile; fileRef = 1628B3611BDA6D3200488FA4 /* placeholder.png */; };
		164081D81BD10749003F11F4 /* CoreData.framework in Frameworks */ = {isa = PBXBuildFile; fileRef = 164081D71BD10749003F11F4 /* CoreData.framework */; };
		1666A53E1BD11AB800BE249D /* Movie+CoreDataProperties.m in Sources */ = {isa = PBXBuildFile; fileRef = 1666A53B1BD11AB800BE249D /* Movie+CoreDataProperties.m */; };
		1666A53F1BD11AB800BE249D /* Movie.m in Sources */ = {isa = PBXBuildFile; fileRef = 1666A53D1BD11AB800BE249D /* Movie.m */; };
		1666A5491BD11FE400BE249D /* ARNDataObject.m in Sources */ = {isa = PBXBuildFile; fileRef = 1666A5481BD11FE400BE249D /* ARNDataObject.m */; };
		1666A5501BD13E4600BE249D /* ARNMoviePosterCell.m in Sources */ = {isa = PBXBuildFile; fileRef = 1666A54F1BD13E4600BE249D /* ARNMoviePosterCell.m */; };
		1666A5531BD1434000BE249D /* ARNMovieController.m in Sources */ = {isa = PBXBuildFile; fileRef = 1666A5521BD1434000BE249D /* ARNMovieController.m */; };
		168376101BCBD42D0011FA26 /* ARNMovieOverviewController.m in Sources */ = {isa = PBXBuildFile; fileRef = 1683760D1BCBD42D0011FA26 /* ARNMovieOverviewController.m */; };
		1683761B1BCBF74C0011FA26 /* ARNMovie.m in Sources */ = {isa = PBXBuildFile; fileRef = 1683761A1BCBF74C0011FA26 /* ARNMovie.m */; };
		16AD4BAD1BD110EE00A38F48 /* ClassicFilms.xcdatamodeld in Sources */ = {isa = PBXBuildFile; fileRef = 16AD4BAB1BD110EE00A38F48 /* ClassicFilms.xcdatamodeld */; };
		16B3FE581BECDB6C002BA497 /* ARNAboutViewController.m in Sources */ = {isa = PBXBuildFile; fileRef = 16B3FE571BECDB6C002BA497 /* ARNAboutViewController.m */; };
		16B3FE6A1BECE79D002BA497 /* internet_archive.png in Resources */ = {isa = PBXBuildFile; fileRef = 16B3FE691BECE79D002BA497 /* internet_archive.png */; };
		16B3FE6C1BECE8F2002BA497 /* tmdb.png in Resources */ = {isa = PBXBuildFile; fileRef = 16B3FE6B1BECE8F2002BA497 /* tmdb.png */; };
		16C573061BFF634C0012D4CE /* CloudKit.framework in Frameworks */ = {isa = PBXBuildFile; fileRef = 16C573051BFF634C0012D4CE /* CloudKit.framework */; };
		16C5730F1C02F8750012D4CE /* ARNCloudKitController.m in Sources */ = {isa = PBXBuildFile; fileRef = 16C5730E1C02F8750012D4CE /* ARNCloudKitController.m */; };
		16D452391BD611C6008758FE /* ARNConstants.m in Sources */ = {isa = PBXBuildFile; fileRef = 16D452381BD611C6008758FE /* ARNConstants.m */; };
		2105A0E3D1AFDB3DA594FA18 /* libPods-classicFilms.a in Frameworks */ = {isa = PBXBuildFile; fileRef = 73F83AFB5F51E702573C72DD /* libPods-classicFilms.a */; };
/* End PBXBuildFile section */

/* Begin PBXFileReference section */
		161C80521BCA9EDD003B78EC /* classic films.app */ = {isa = PBXFileReference; explicitFileType = wrapper.application; includeInIndex = 0; path = "classic films.app"; sourceTree = BUILT_PRODUCTS_DIR; };
		161C80561BCA9EDD003B78EC /* main.m */ = {isa = PBXFileReference; lastKnownFileType = sourcecode.c.objc; path = main.m; sourceTree = "<group>"; };
		161C80581BCA9EDD003B78EC /* AppDelegate.h */ = {isa = PBXFileReference; lastKnownFileType = sourcecode.c.h; path = AppDelegate.h; sourceTree = "<group>"; };
		161C80591BCA9EDD003B78EC /* AppDelegate.m */ = {isa = PBXFileReference; lastKnownFileType = sourcecode.c.objc; path = AppDelegate.m; sourceTree = "<group>"; };
		161C80641BCA9EDD003B78EC /* Assets.xcassets */ = {isa = PBXFileReference; lastKnownFileType = folder.assetcatalog; path = Assets.xcassets; sourceTree = "<group>"; };
		161C80661BCA9EDD003B78EC /* Info.plist */ = {isa = PBXFileReference; lastKnownFileType = text.plist.xml; path = Info.plist; sourceTree = "<group>"; };
		1628B35B1BDA2B5900488FA4 /* Localizable.strings */ = {isa = PBXFileReference; fileEncoding = 4; lastKnownFileType = text.plist.strings; path = Localizable.strings; sourceTree = "<group>"; };
		1628B3611BDA6D3200488FA4 /* placeholder.png */ = {isa = PBXFileReference; lastKnownFileType = image.png; path = placeholder.png; sourceTree = "<group>"; };
		163407551C1AF0BA00805704 /* ClassicFilms 2.xcdatamodel */ = {isa = PBXFileReference; lastKnownFileType = wrapper.xcdatamodel; path = "ClassicFilms 2.xcdatamodel"; sourceTree = "<group>"; };
		164081D71BD10749003F11F4 /* CoreData.framework */ = {isa = PBXFileReference; lastKnownFileType = wrapper.framework; name = CoreData.framework; path = System/Library/Frameworks/CoreData.framework; sourceTree = SDKROOT; };
		1666A53A1BD11AB800BE249D /* Movie+CoreDataProperties.h */ = {isa = PBXFileReference; fileEncoding = 4; lastKnownFileType = sourcecode.c.h; path = "Movie+CoreDataProperties.h"; sourceTree = "<group>"; };
		1666A53B1BD11AB800BE249D /* Movie+CoreDataProperties.m */ = {isa = PBXFileReference; fileEncoding = 4; lastKnownFileType = sourcecode.c.objc; path = "Movie+CoreDataProperties.m"; sourceTree = "<group>"; };
		1666A53C1BD11AB800BE249D /* Movie.h */ = {isa = PBXFileReference; fileEncoding = 4; lastKnownFileType = sourcecode.c.h; path = Movie.h; sourceTree = "<group>"; };
		1666A53D1BD11AB800BE249D /* Movie.m */ = {isa = PBXFileReference; fileEncoding = 4; lastKnownFileType = sourcecode.c.objc; path = Movie.m; sourceTree = "<group>"; };
		1666A5461BD11E6300BE249D /* PrefixHeader.pch */ = {isa = PBXFileReference; fileEncoding = 4; lastKnownFileType = sourcecode.c.h; path = PrefixHeader.pch; sourceTree = "<group>"; };
		1666A5471BD11FE400BE249D /* ARNDataObject.h */ = {isa = PBXFileReference; fileEncoding = 4; lastKnownFileType = sourcecode.c.h; path = ARNDataObject.h; sourceTree = "<group>"; };
		1666A5481BD11FE400BE249D /* ARNDataObject.m */ = {isa = PBXFileReference; fileEncoding = 4; lastKnownFileType = sourcecode.c.objc; path = ARNDataObject.m; sourceTree = "<group>"; };
		1666A54E1BD13E4600BE249D /* ARNMoviePosterCell.h */ = {isa = PBXFileReference; fileEncoding = 4; lastKnownFileType = sourcecode.c.h; path = ARNMoviePosterCell.h; sourceTree = "<group>"; };
		1666A54F1BD13E4600BE249D /* ARNMoviePosterCell.m */ = {isa = PBXFileReference; fileEncoding = 4; lastKnownFileType = sourcecode.c.objc; path = ARNMoviePosterCell.m; sourceTree = "<group>"; };
		1666A5511BD1434000BE249D /* ARNMovieController.h */ = {isa = PBXFileReference; fileEncoding = 4; lastKnownFileType = sourcecode.c.h; path = ARNMovieController.h; sourceTree = "<group>"; };
		1666A5521BD1434000BE249D /* ARNMovieController.m */ = {isa = PBXFileReference; fileEncoding = 4; lastKnownFileType = sourcecode.c.objc; path = ARNMovieController.m; sourceTree = "<group>"; };
		1683760C1BCBD42D0011FA26 /* ARNMovieOverviewController.h */ = {isa = PBXFileReference; fileEncoding = 4; lastKnownFileType = sourcecode.c.h; path = ARNMovieOverviewController.h; sourceTree = "<group>"; };
		1683760D1BCBD42D0011FA26 /* ARNMovieOverviewController.m */ = {isa = PBXFileReference; fileEncoding = 4; lastKnownFileType = sourcecode.c.objc; path = ARNMovieOverviewController.m; sourceTree = "<group>"; };
		168376191BCBF74C0011FA26 /* ARNMovie.h */ = {isa = PBXFileReference; fileEncoding = 4; lastKnownFileType = sourcecode.c.h; path = ARNMovie.h; sourceTree = "<group>"; };
		1683761A1BCBF74C0011FA26 /* ARNMovie.m */ = {isa = PBXFileReference; fileEncoding = 4; lastKnownFileType = sourcecode.c.objc; path = ARNMovie.m; sourceTree = "<group>"; };
		16AD4BAC1BD110EE00A38F48 /* ClassicFilms.xcdatamodel */ = {isa = PBXFileReference; lastKnownFileType = wrapper.xcdatamodel; path = ClassicFilms.xcdatamodel; sourceTree = "<group>"; };
		16B3FE561BECDB6C002BA497 /* ARNAboutViewController.h */ = {isa = PBXFileReference; fileEncoding = 4; lastKnownFileType = sourcecode.c.h; path = ARNAboutViewController.h; sourceTree = "<group>"; };
		16B3FE571BECDB6C002BA497 /* ARNAboutViewController.m */ = {isa = PBXFileReference; fileEncoding = 4; lastKnownFileType = sourcecode.c.objc; path = ARNAboutViewController.m; sourceTree = "<group>"; };
		16B3FE691BECE79D002BA497 /* internet_archive.png */ = {isa = PBXFileReference; lastKnownFileType = image.png; path = internet_archive.png; sourceTree = "<group>"; };
		16B3FE6B1BECE8F2002BA497 /* tmdb.png */ = {isa = PBXFileReference; lastKnownFileType = image.png; path = tmdb.png; sourceTree = "<group>"; };
		16C573041BFF63410012D4CE /* classic films.entitlements */ = {isa = PBXFileReference; lastKnownFileType = text.xml; path = "classic films.entitlements"; sourceTree = "<group>"; };
		16C573051BFF634C0012D4CE /* CloudKit.framework */ = {isa = PBXFileReference; lastKnownFileType = wrapper.framework; name = CloudKit.framework; path = System/Library/Frameworks/CloudKit.framework; sourceTree = SDKROOT; };
		16C5730D1C02F8750012D4CE /* ARNCloudKitController.h */ = {isa = PBXFileReference; fileEncoding = 4; lastKnownFileType = sourcecode.c.h; path = ARNCloudKitController.h; sourceTree = "<group>"; };
		16C5730E1C02F8750012D4CE /* ARNCloudKitController.m */ = {isa = PBXFileReference; fileEncoding = 4; lastKnownFileType = sourcecode.c.objc; path = ARNCloudKitController.m; sourceTree = "<group>"; };
		16D452371BD611C6008758FE /* ARNConstants.h */ = {isa = PBXFileReference; fileEncoding = 4; lastKnownFileType = sourcecode.c.h; name = ARNConstants.h; path = utilities/ARNConstants.h; sourceTree = "<group>"; };
		16D452381BD611C6008758FE /* ARNConstants.m */ = {isa = PBXFileReference; fileEncoding = 4; lastKnownFileType = sourcecode.c.objc; name = ARNConstants.m; path = utilities/ARNConstants.m; sourceTree = "<group>"; };
		1FCF9C04D0F6B7A420373603 /* Pods-classicFilms.debug.xcconfig */ = {isa = PBXFileReference; includeInIndex = 1; lastKnownFileType = text.xcconfig; name = "Pods-classicFilms.debug.xcconfig"; path = "Pods/Target Support Files/Pods-classicFilms/Pods-classicFilms.debug.xcconfig"; sourceTree = "<group>"; };
		73F83AFB5F51E702573C72DD /* libPods-classicFilms.a */ = {isa = PBXFileReference; explicitFileType = archive.ar; includeInIndex = 0; path = "libPods-classicFilms.a"; sourceTree = BUILT_PRODUCTS_DIR; };
		790BE2AE84AA47767A1EA315 /* Pods-classicFilms.release.xcconfig */ = {isa = PBXFileReference; includeInIndex = 1; lastKnownFileType = text.xcconfig; name = "Pods-classicFilms.release.xcconfig"; path = "Pods/Target Support Files/Pods-classicFilms/Pods-classicFilms.release.xcconfig"; sourceTree = "<group>"; };
/* End PBXFileReference section */

/* Begin PBXFrameworksBuildPhase section */
		161C804F1BCA9EDD003B78EC /* Frameworks */ = {
			isa = PBXFrameworksBuildPhase;
			buildActionMask = 2147483647;
			files = (
				16C573061BFF634C0012D4CE /* CloudKit.framework in Frameworks */,
				164081D81BD10749003F11F4 /* CoreData.framework in Frameworks */,
				2105A0E3D1AFDB3DA594FA18 /* libPods-classicFilms.a in Frameworks */,
			);
			runOnlyForDeploymentPostprocessing = 0;
		};
/* End PBXFrameworksBuildPhase section */

/* Begin PBXGroup section */
		1600B14C1BD11092003F4407 /* persistence */ = {
			isa = PBXGroup;
			children = (
				16AD4BAB1BD110EE00A38F48 /* ClassicFilms.xcdatamodeld */,
			);
			path = persistence;
			sourceTree = "<group>";
		};
		161C80491BCA9EDD003B78EC = {
			isa = PBXGroup;
			children = (
				161C80541BCA9EDD003B78EC /* classicFilms */,
				161C80531BCA9EDD003B78EC /* Products */,
				EE17349ED05D05EDAB79E9F2 /* Pods */,
				B139506FA2F3E53887DC2A4F /* Frameworks */,
			);
			sourceTree = "<group>";
		};
		161C80531BCA9EDD003B78EC /* Products */ = {
			isa = PBXGroup;
			children = (
				161C80521BCA9EDD003B78EC /* classic films.app */,
			);
			name = Products;
			sourceTree = "<group>";
		};
		161C80541BCA9EDD003B78EC /* classicFilms */ = {
			isa = PBXGroup;
			children = (
				16C573041BFF63410012D4CE /* classic films.entitlements */,
				161C80581BCA9EDD003B78EC /* AppDelegate.h */,
				161C80591BCA9EDD003B78EC /* AppDelegate.m */,
				1683760B1BCBD3F80011FA26 /* view-controllers */,
				1666A54A1BD13DD700BE249D /* cells */,
				1683760A1BCBD3D00011FA26 /* data-controllers */,
				16D452361BD6118A008758FE /* utilities */,
				1628B3631BDC414C00488FA4 /* network */,
				168376181BCBF7150011FA26 /* data */,
				1600B14C1BD11092003F4407 /* persistence */,
				1628B35D1BDA6C1000488FA4 /* assets */,
				161C80641BCA9EDD003B78EC /* Assets.xcassets */,
				161C80661BCA9EDD003B78EC /* Info.plist */,
				161C80551BCA9EDD003B78EC /* Supporting Files */,
			);
			path = classicFilms;
			sourceTree = "<group>";
		};
		161C80551BCA9EDD003B78EC /* Supporting Files */ = {
			isa = PBXGroup;
			children = (
				161C80561BCA9EDD003B78EC /* main.m */,
				1666A5461BD11E6300BE249D /* PrefixHeader.pch */,
				1628B35B1BDA2B5900488FA4 /* Localizable.strings */,
			);
			name = "Supporting Files";
			sourceTree = "<group>";
		};
		1628B35D1BDA6C1000488FA4 /* assets */ = {
			isa = PBXGroup;
			children = (
				1628B35E1BDA6C2900488FA4 /* images */,
			);
			path = assets;
			sourceTree = "<group>";
		};
		1628B35E1BDA6C2900488FA4 /* images */ = {
			isa = PBXGroup;
			children = (
				1628B3611BDA6D3200488FA4 /* placeholder.png */,
				16B3FE691BECE79D002BA497 /* internet_archive.png */,
				16B3FE6B1BECE8F2002BA497 /* tmdb.png */,
			);
			path = images;
			sourceTree = "<group>";
		};
		1628B3631BDC414C00488FA4 /* network */ = {
			isa = PBXGroup;
			children = (
			);
			name = network;
			sourceTree = "<group>";
		};
		1666A5391BD11A8600BE249D /* managed-objects */ = {
			isa = PBXGroup;
			children = (
				1666A53A1BD11AB800BE249D /* Movie+CoreDataProperties.h */,
				1666A53B1BD11AB800BE249D /* Movie+CoreDataProperties.m */,
				1666A53C1BD11AB800BE249D /* Movie.h */,
				1666A53D1BD11AB800BE249D /* Movie.m */,
			);
			path = "managed-objects";
			sourceTree = "<group>";
		};
		1666A54A1BD13DD700BE249D /* cells */ = {
			isa = PBXGroup;
			children = (
				1666A54E1BD13E4600BE249D /* ARNMoviePosterCell.h */,
				1666A54F1BD13E4600BE249D /* ARNMoviePosterCell.m */,
			);
			path = cells;
			sourceTree = "<group>";
		};
		1683760A1BCBD3D00011FA26 /* data-controllers */ = {
			isa = PBXGroup;
			children = (
				16C5730D1C02F8750012D4CE /* ARNCloudKitController.h */,
				16C5730E1C02F8750012D4CE /* ARNCloudKitController.m */,
				1666A5511BD1434000BE249D /* ARNMovieController.h */,
				1666A5521BD1434000BE249D /* ARNMovieController.m */,
			);
			path = "data-controllers";
			sourceTree = "<group>";
		};
		1683760B1BCBD3F80011FA26 /* view-controllers */ = {
			isa = PBXGroup;
			children = (
				1683760C1BCBD42D0011FA26 /* ARNMovieOverviewController.h */,
				1683760D1BCBD42D0011FA26 /* ARNMovieOverviewController.m */,
				16B3FE561BECDB6C002BA497 /* ARNAboutViewController.h */,
				16B3FE571BECDB6C002BA497 /* ARNAboutViewController.m */,
			);
			path = "view-controllers";
			sourceTree = "<group>";
		};
		168376181BCBF7150011FA26 /* data */ = {
			isa = PBXGroup;
			children = (
				1666A5391BD11A8600BE249D /* managed-objects */,
				1666A5471BD11FE400BE249D /* ARNDataObject.h */,
				1666A5481BD11FE400BE249D /* ARNDataObject.m */,
				168376191BCBF74C0011FA26 /* ARNMovie.h */,
				1683761A1BCBF74C0011FA26 /* ARNMovie.m */,
			);
			path = data;
			sourceTree = "<group>";
		};
		16D452361BD6118A008758FE /* utilities */ = {
			isa = PBXGroup;
			children = (
				16D452371BD611C6008758FE /* ARNConstants.h */,
				16D452381BD611C6008758FE /* ARNConstants.m */,
			);
			name = utilities;
			sourceTree = "<group>";
		};
		B139506FA2F3E53887DC2A4F /* Frameworks */ = {
			isa = PBXGroup;
			children = (
				16C573051BFF634C0012D4CE /* CloudKit.framework */,
				164081D71BD10749003F11F4 /* CoreData.framework */,
				73F83AFB5F51E702573C72DD /* libPods-classicFilms.a */,
			);
			name = Frameworks;
			sourceTree = "<group>";
		};
		EE17349ED05D05EDAB79E9F2 /* Pods */ = {
			isa = PBXGroup;
			children = (
				1FCF9C04D0F6B7A420373603 /* Pods-classicFilms.debug.xcconfig */,
				790BE2AE84AA47767A1EA315 /* Pods-classicFilms.release.xcconfig */,
			);
			name = Pods;
			sourceTree = "<group>";
		};
/* End PBXGroup section */

/* Begin PBXNativeTarget section */
		161C80511BCA9EDD003B78EC /* classicFilms */ = {
			isa = PBXNativeTarget;
			buildConfigurationList = 161C80691BCA9EDD003B78EC /* Build configuration list for PBXNativeTarget "classicFilms" */;
			buildPhases = (
				05FD4E9CAF3338F42CFAB136 /* Check Pods Manifest.lock */,
				161C804E1BCA9EDD003B78EC /* Sources */,
				161C804F1BCA9EDD003B78EC /* Frameworks */,
				161C80501BCA9EDD003B78EC /* Resources */,
				5E5598617D4358F05F710799 /* Embed Pods Frameworks */,
				E10143ED7323B5599E86A029 /* Copy Pods Resources */,
				1628DE7E1C1B3876008DC673 /* ShellScript */,
			);
			buildRules = (
			);
			dependencies = (
			);
			name = classicFilms;
			productName = classicFilms;
			productReference = 161C80521BCA9EDD003B78EC /* classic films.app */;
			productType = "com.apple.product-type.application";
		};
/* End PBXNativeTarget section */

/* Begin PBXProject section */
		161C804A1BCA9EDD003B78EC /* Project object */ = {
			isa = PBXProject;
			attributes = {
				LastUpgradeCheck = 0710;
				ORGANIZATIONNAME = "Stefan Arn";
				TargetAttributes = {
					161C80511BCA9EDD003B78EC = {
						CreatedOnToolsVersion = 7.1;
						DevelopmentTeam = 3KVHW6F8S8;
						SystemCapabilities = {
							com.apple.iCloud = {
								enabled = 1;
							};
						};
					};
				};
			};
			buildConfigurationList = 161C804D1BCA9EDD003B78EC /* Build configuration list for PBXProject "classicFilms" */;
			compatibilityVersion = "Xcode 3.2";
			developmentRegion = English;
			hasScannedForEncodings = 0;
			knownRegions = (
				en,
				Base,
			);
			mainGroup = 161C80491BCA9EDD003B78EC;
			productRefGroup = 161C80531BCA9EDD003B78EC /* Products */;
			projectDirPath = "";
			projectRoot = "";
			targets = (
				161C80511BCA9EDD003B78EC /* classicFilms */,
			);
		};
/* End PBXProject section */

/* Begin PBXResourcesBuildPhase section */
		161C80501BCA9EDD003B78EC /* Resources */ = {
			isa = PBXResourcesBuildPhase;
			buildActionMask = 2147483647;
			files = (
				161C80651BCA9EDD003B78EC /* Assets.xcassets in Resources */,
				16B3FE6C1BECE8F2002BA497 /* tmdb.png in Resources */,
				1628B3621BDA6D3200488FA4 /* placeholder.png in Resources */,
				16B3FE6A1BECE79D002BA497 /* internet_archive.png in Resources */,
				1628B35C1BDA2B5900488FA4 /* Localizable.strings in Resources */,
			);
			runOnlyForDeploymentPostprocessing = 0;
		};
/* End PBXResourcesBuildPhase section */

/* Begin PBXShellScriptBuildPhase section */
		05FD4E9CAF3338F42CFAB136 /* Check Pods Manifest.lock */ = {
			isa = PBXShellScriptBuildPhase;
			buildActionMask = 2147483647;
			files = (
			);
			inputPaths = (
			);
			name = "Check Pods Manifest.lock";
			outputPaths = (
			);
			runOnlyForDeploymentPostprocessing = 0;
			shellPath = /bin/sh;
			shellScript = "diff \"${PODS_ROOT}/../Podfile.lock\" \"${PODS_ROOT}/Manifest.lock\" > /dev/null\nif [[ $? != 0 ]] ; then\n    cat << EOM\nerror: The sandbox is not in sync with the Podfile.lock. Run 'pod install' or update your CocoaPods installation.\nEOM\n    exit 1\nfi\n";
			showEnvVarsInLog = 0;
		};
		1628DE7E1C1B3876008DC673 /* ShellScript */ = {
			isa = PBXShellScriptBuildPhase;
			buildActionMask = 2147483647;
			files = (
			);
			inputPaths = (
			);
			outputPaths = (
			);
			runOnlyForDeploymentPostprocessing = 0;
			shellPath = /bin/sh;
			shellScript = "\"${PODS_ROOT}/Fabric/run\" 0b6ba0f5a995f532c3f1e8dec0ecc952fa003eab a6bfbe9329fe0dfbcbf1db7c723f94e38ba74fff11f9081a6d02172c6c44b1d4";
		};
		5E5598617D4358F05F710799 /* Embed Pods Frameworks */ = {
			isa = PBXShellScriptBuildPhase;
			buildActionMask = 2147483647;
			files = (
			);
			inputPaths = (
			);
			name = "Embed Pods Frameworks";
			outputPaths = (
			);
			runOnlyForDeploymentPostprocessing = 0;
			shellPath = /bin/sh;
			shellScript = "\"${SRCROOT}/Pods/Target Support Files/Pods-classicFilms/Pods-classicFilms-frameworks.sh\"\n";
			showEnvVarsInLog = 0;
		};
		E10143ED7323B5599E86A029 /* Copy Pods Resources */ = {
			isa = PBXShellScriptBuildPhase;
			buildActionMask = 2147483647;
			files = (
			);
			inputPaths = (
			);
			name = "Copy Pods Resources";
			outputPaths = (
			);
			runOnlyForDeploymentPostprocessing = 0;
			shellPath = /bin/sh;
			shellScript = "\"${SRCROOT}/Pods/Target Support Files/Pods-classicFilms/Pods-classicFilms-resources.sh\"\n";
			showEnvVarsInLog = 0;
		};
/* End PBXShellScriptBuildPhase section */

/* Begin PBXSourcesBuildPhase section */
		161C804E1BCA9EDD003B78EC /* Sources */ = {
			isa = PBXSourcesBuildPhase;
			buildActionMask = 2147483647;
			files = (
				1683761B1BCBF74C0011FA26 /* ARNMovie.m in Sources */,
				1666A53F1BD11AB800BE249D /* Movie.m in Sources */,
				161C805A1BCA9EDD003B78EC /* AppDelegate.m in Sources */,
				16D452391BD611C6008758FE /* ARNConstants.m in Sources */,
				1666A5501BD13E4600BE249D /* ARNMoviePosterCell.m in Sources */,
				1666A5531BD1434000BE249D /* ARNMovieController.m in Sources */,
				1666A53E1BD11AB800BE249D /* Movie+CoreDataProperties.m in Sources */,
				168376101BCBD42D0011FA26 /* ARNMovieOverviewController.m in Sources */,
				16AD4BAD1BD110EE00A38F48 /* ClassicFilms.xcdatamodeld in Sources */,
				161C80571BCA9EDD003B78EC /* main.m in Sources */,
				16B3FE581BECDB6C002BA497 /* ARNAboutViewController.m in Sources */,
				1666A5491BD11FE400BE249D /* ARNDataObject.m in Sources */,
				16C5730F1C02F8750012D4CE /* ARNCloudKitController.m in Sources */,
			);
			runOnlyForDeploymentPostprocessing = 0;
		};
/* End PBXSourcesBuildPhase section */

/* Begin XCBuildConfiguration section */
		161C80671BCA9EDD003B78EC /* Debug */ = {
			isa = XCBuildConfiguration;
			buildSettings = {
				ALWAYS_SEARCH_USER_PATHS = NO;
				CLANG_CXX_LANGUAGE_STANDARD = "gnu++0x";
				CLANG_CXX_LIBRARY = "libc++";
				CLANG_ENABLE_MODULES = YES;
				CLANG_ENABLE_OBJC_ARC = YES;
				CLANG_WARN_BOOL_CONVERSION = YES;
				CLANG_WARN_CONSTANT_CONVERSION = YES;
				CLANG_WARN_DIRECT_OBJC_ISA_USAGE = YES_ERROR;
				CLANG_WARN_EMPTY_BODY = YES;
				CLANG_WARN_ENUM_CONVERSION = YES;
				CLANG_WARN_INT_CONVERSION = YES;
				CLANG_WARN_OBJC_ROOT_CLASS = YES_ERROR;
				CLANG_WARN_UNREACHABLE_CODE = YES;
				CLANG_WARN__DUPLICATE_METHOD_MATCH = YES;
				COPY_PHASE_STRIP = NO;
				DEBUG_INFORMATION_FORMAT = dwarf;
				ENABLE_STRICT_OBJC_MSGSEND = YES;
				ENABLE_TESTABILITY = YES;
				GCC_C_LANGUAGE_STANDARD = gnu99;
				GCC_DYNAMIC_NO_PIC = NO;
				GCC_NO_COMMON_BLOCKS = YES;
				GCC_OPTIMIZATION_LEVEL = 0;
				GCC_PREPROCESSOR_DEFINITIONS = (
					"DEBUG=1",
					"$(inherited)",
				);
				GCC_WARN_64_TO_32_BIT_CONVERSION = YES;
				GCC_WARN_ABOUT_RETURN_TYPE = YES_ERROR;
				GCC_WARN_UNDECLARED_SELECTOR = YES;
				GCC_WARN_UNINITIALIZED_AUTOS = YES_AGGRESSIVE;
				GCC_WARN_UNUSED_FUNCTION = YES;
				GCC_WARN_UNUSED_VARIABLE = YES;
				MTL_ENABLE_DEBUG_INFO = YES;
				ONLY_ACTIVE_ARCH = YES;
				SDKROOT = appletvos;
				TARGETED_DEVICE_FAMILY = 3;
				TVOS_DEPLOYMENT_TARGET = 9.0;
			};
			name = Debug;
		};
		161C80681BCA9EDD003B78EC /* Release */ = {
			isa = XCBuildConfiguration;
			buildSettings = {
				ALWAYS_SEARCH_USER_PATHS = NO;
				CLANG_CXX_LANGUAGE_STANDARD = "gnu++0x";
				CLANG_CXX_LIBRARY = "libc++";
				CLANG_ENABLE_MODULES = YES;
				CLANG_ENABLE_OBJC_ARC = YES;
				CLANG_WARN_BOOL_CONVERSION = YES;
				CLANG_WARN_CONSTANT_CONVERSION = YES;
				CLANG_WARN_DIRECT_OBJC_ISA_USAGE = YES_ERROR;
				CLANG_WARN_EMPTY_BODY = YES;
				CLANG_WARN_ENUM_CONVERSION = YES;
				CLANG_WARN_INT_CONVERSION = YES;
				CLANG_WARN_OBJC_ROOT_CLASS = YES_ERROR;
				CLANG_WARN_UNREACHABLE_CODE = YES;
				CLANG_WARN__DUPLICATE_METHOD_MATCH = YES;
				COPY_PHASE_STRIP = NO;
				DEBUG_INFORMATION_FORMAT = "dwarf-with-dsym";
				ENABLE_NS_ASSERTIONS = NO;
				ENABLE_STRICT_OBJC_MSGSEND = YES;
				GCC_C_LANGUAGE_STANDARD = gnu99;
				GCC_NO_COMMON_BLOCKS = YES;
				GCC_WARN_64_TO_32_BIT_CONVERSION = YES;
				GCC_WARN_ABOUT_RETURN_TYPE = YES_ERROR;
				GCC_WARN_UNDECLARED_SELECTOR = YES;
				GCC_WARN_UNINITIALIZED_AUTOS = YES_AGGRESSIVE;
				GCC_WARN_UNUSED_FUNCTION = YES;
				GCC_WARN_UNUSED_VARIABLE = YES;
				MTL_ENABLE_DEBUG_INFO = NO;
				SDKROOT = appletvos;
				TARGETED_DEVICE_FAMILY = 3;
				TVOS_DEPLOYMENT_TARGET = 9.0;
				VALIDATE_PRODUCT = YES;
			};
			name = Release;
		};
		161C806A1BCA9EDD003B78EC /* Debug */ = {
			isa = XCBuildConfiguration;
			baseConfigurationReference = 1FCF9C04D0F6B7A420373603 /* Pods-classicFilms.debug.xcconfig */;
			buildSettings = {
				ASSETCATALOG_COMPILER_APPICON_NAME = "App Icon & Top Shelf Image";
				ASSETCATALOG_COMPILER_LAUNCHIMAGE_NAME = LaunchImage;
				CODE_SIGN_ENTITLEMENTS = "classicFilms/classic films.entitlements";
				CODE_SIGN_IDENTITY = "iPhone Developer";
				"CODE_SIGN_IDENTITY[sdk=appletvos*]" = "iPhone Developer";
				DEBUG_INFORMATION_FORMAT = "dwarf-with-dsym";
				GCC_PRECOMPILE_PREFIX_HEADER = YES;
				GCC_PREFIX_HEADER = "$(SRCROOT)/classicFilms/PrefixHeader.pch";
				INFOPLIST_FILE = classicFilms/Info.plist;
				LD_RUNPATH_SEARCH_PATHS = "$(inherited) @executable_path/Frameworks";
				PRODUCT_BUNDLE_IDENTIFIER = ch.stefanarn.classicFilms;
				PRODUCT_NAME = "classic films";
				PROVISIONING_PROFILE = "";
			};
			name = Debug;
		};
		161C806B1BCA9EDD003B78EC /* Release */ = {
			isa = XCBuildConfiguration;
			baseConfigurationReference = 790BE2AE84AA47767A1EA315 /* Pods-classicFilms.release.xcconfig */;
			buildSettings = {
				ASSETCATALOG_COMPILER_APPICON_NAME = "App Icon & Top Shelf Image";
				ASSETCATALOG_COMPILER_LAUNCHIMAGE_NAME = LaunchImage;
				CODE_SIGN_ENTITLEMENTS = "classicFilms/classic films.entitlements";
				CODE_SIGN_IDENTITY = "iPhone Developer";
				"CODE_SIGN_IDENTITY[sdk=appletvos*]" = "iPhone Developer";
				GCC_PRECOMPILE_PREFIX_HEADER = YES;
				GCC_PREFIX_HEADER = "$(SRCROOT)/classicFilms/PrefixHeader.pch";
				INFOPLIST_FILE = classicFilms/Info.plist;
				LD_RUNPATH_SEARCH_PATHS = "$(inherited) @executable_path/Frameworks";
				PRODUCT_BUNDLE_IDENTIFIER = ch.stefanarn.classicFilms;
				PRODUCT_NAME = "classic films";
				PROVISIONING_PROFILE = "";
			};
			name = Release;
		};
/* End XCBuildConfiguration section */

/* Begin XCConfigurationList section */
		161C804D1BCA9EDD003B78EC /* Build configuration list for PBXProject "classicFilms" */ = {
			isa = XCConfigurationList;
			buildConfigurations = (
				161C80671BCA9EDD003B78EC /* Debug */,
				161C80681BCA9EDD003B78EC /* Release */,
			);
			defaultConfigurationIsVisible = 0;
			defaultConfigurationName = Release;
		};
		161C80691BCA9EDD003B78EC /* Build configuration list for PBXNativeTarget "classicFilms" */ = {
			isa = XCConfigurationList;
			buildConfigurations = (
				161C806A1BCA9EDD003B78EC /* Debug */,
				161C806B1BCA9EDD003B78EC /* Release */,
			);
			defaultConfigurationIsVisible = 0;
			defaultConfigurationName = Release;
		};
/* End XCConfigurationList section */

/* Begin XCVersionGroup section */
		16AD4BAB1BD110EE00A38F48 /* ClassicFilms.xcdatamodeld */ = {
			isa = XCVersionGroup;
			children = (
				163407551C1AF0BA00805704 /* ClassicFilms 2.xcdatamodel */,
				16AD4BAC1BD110EE00A38F48 /* ClassicFilms.xcdatamodel */,
			);
			currentVersion = 163407551C1AF0BA00805704 /* ClassicFilms 2.xcdatamodel */;
			path = ClassicFilms.xcdatamodeld;
			sourceTree = "<group>";
			versionGroupType = wrapper.xcdatamodel;
		};
/* End XCVersionGroup section */
	};
	rootObject = 161C804A1BCA9EDD003B78EC /* Project object */;
}
